<?xml version="1.0" encoding="utf-8"?>
<Project ToolsVersion="4.0" xmlns="http://schemas.microsoft.com/developer/msbuild/2003">
  <ItemGroup>
    <ClCompile Include="Character.cpp" />
    <ClCompile Include="Clark.cpp" />
    <ClCompile Include="CollisionManager.cpp" />
    <ClCompile Include="GameObject.cpp" />
    <ClCompile Include="Image.cpp" />
    <ClCompile Include="Iori.cpp" />
    <ClCompile Include="KeyManager.cpp" />
    <ClCompile Include="KOF_Iori.cpp" />
    <ClCompile Include="Mai.cpp" />
    <ClCompile Include="main.cpp" />
    <ClCompile Include="MainGame.cpp" />
    <ClCompile Include="Ryo.cpp" />
    <ClCompile Include="UIManager.cpp" />
  </ItemGroup>
  <ItemGroup>
    <ClInclude Include="Character.h" />
    <ClInclude Include="Clark.h" />
    <ClInclude Include="CollisionManager.h" />
    <ClInclude Include="CommonFunction.h" />
    <ClInclude Include="config.h" />
    <ClInclude Include="GameObject.h" />
    <ClInclude Include="Image.h" />
    <ClInclude Include="Iori.h" />
    <ClInclude Include="KeyManager.h" />
    <ClInclude Include="KOF_Iori.h" />
    <ClInclude Include="Mai.h" />
    <ClInclude Include="MainGame.h" />
    <ClInclude Include="Ryo.h" />
    <ClInclude Include="Singleton.h" />
    <ClInclude Include="UIManager.h" />
  </ItemGroup>
</Project>